
Microsoft Visual Studio Solution File, Format Version 12.00
# Visual Studio 14
VisualStudioVersion = 14.0.25123.0
MinimumVisualStudioVersion = 10.0.40219.1
Project("{FAE04EC0-301F-11D3-BF4B-00C04F79EFBC}") = "cs-feedback-control", "cs-feedback-control\cs-feedback-control.csproj", "{4412A6F8-7BBE-4718-9032-4F964E7CFF19}"
EndProject
Project("{FAE04EC0-301F-11D3-BF4B-00C04F79EFBC}") = "cs-feedback-control-samples-winform-ui", "cs-feedback-control-samples-winform-ui\cs-feedback-control-samples-winform-ui.csproj", "{DC523ED2-3EA7-424B-81FF-F7D47BC793DB}"
EndProject
Project("{FAE04EC0-301F-11D3-BF4B-00C04F79EFBC}") = "cs-feedback-control-samples", "cs-feedback-control-samples\cs-feedback-control-samples.csproj", "{B4323581-FC6F-4478-976E-5FBACFB66D1F}"
EndProject
Global
	GlobalSection(SolutionConfigurationPlatforms) = preSolution
		Debug|Any CPU = Debug|Any CPU
		Release|Any CPU = Release|Any CPU
	EndGlobalSection
	GlobalSection(ProjectConfigurationPlatforms) = postSolution
		{4412A6F8-7BBE-4718-9032-4F964E7CFF19}.Debug|Any CPU.ActiveCfg = Debug|Any CPU
		{4412A6F8-7BBE-4718-9032-4F964E7CFF19}.Debug|Any CPU.Build.0 = Debug|Any CPU
		{4412A6F8-7BBE-4718-9032-4F964E7CFF19}.Release|Any CPU.ActiveCfg = Release|Any CPU
		{4412A6F8-7BBE-4718-9032-4F964E7CFF19}.Release|Any CPU.Build.0 = Release|Any CPU
		{DC523ED2-3EA7-424B-81FF-F7D47BC793DB}.Debug|Any CPU.ActiveCfg = Debug|Any CPU
		{DC523ED2-3EA7-424B-81FF-F7D47BC793DB}.Debug|Any CPU.Build.0 = Debug|Any CPU
		{DC523ED2-3EA7-424B-81FF-F7D47BC793DB}.Release|Any CPU.ActiveCfg = Release|Any CPU
		{DC523ED2-3EA7-424B-81FF-F7D47BC793DB}.Release|Any CPU.Build.0 = Release|Any CPU
		{B4323581-FC6F-4478-976E-5FBACFB66D1F}.Debug|Any CPU.ActiveCfg = Debug|Any CPU
		{B4323581-FC6F-4478-976E-5FBACFB66D1F}.Debug|Any CPU.Build.0 = Debug|Any CPU
		{B4323581-FC6F-4478-976E-5FBACFB66D1F}.Release|Any CPU.ActiveCfg = Release|Any CPU
		{B4323581-FC6F-4478-976E-5FBACFB66D1F}.Release|Any CPU.Build.0 = Release|Any CPU
	EndGlobalSection
	GlobalSection(SolutionProperties) = preSolution
		HideSolutionNode = FALSE
	EndGlobalSection
EndGlobal
